
Microsoft Visual Studio Solution File, Format Version 12.00
# Visual Studio Version 17
VisualStudioVersion = 17.4.33205.214
MinimumVisualStudioVersion = 10.0.40219.1
Project("{FAE04EC0-301F-11D3-BF4B-00C04F79EFBC}") = "PCd", "PCd.csproj", "{FB2B488F-7DA4-4671-A2FF-4BB0926FF880}"
EndProject
Global
	GlobalSection(SolutionConfigurationPlatforms) = preSolution
		Debug|Any CPU = Debug|Any CPU
		Release|Any CPU = Release|Any CPU
	EndGlobalSection
	GlobalSection(ProjectConfigurationPlatforms) = postSolution
		{FB2B488F-7DA4-4671-A2FF-4BB0926FF880}.Debug|Any CPU.ActiveCfg = Debug|Any CPU
		{FB2B488F-7DA4-4671-A2FF-4BB0926FF880}.Debug|Any CPU.Build.0 = Debug|Any CPU
		{FB2B488F-7DA4-4671-A2FF-4BB0926FF880}.Release|Any CPU.ActiveCfg = Release|Any CPU
		{FB2B488F-7DA4-4671-A2FF-4BB0926FF880}.Release|Any CPU.Build.0 = Release|Any CPU
	EndGlobalSection
	GlobalSection(SolutionProperties) = preSolution
		HideSolutionNode = FALSE
	EndGlobalSection
	GlobalSection(ExtensibilityGlobals) = postSolution
		SolutionGuid = {87B9CCC8-134C-4707-8FF7-167BAE93351F}
	EndGlobalSection
EndGlobal
