
Microsoft Visual Studio Solution File, Format Version 12.00
# Visual Studio Version 17
VisualStudioVersion = 17.4.33205.214
MinimumVisualStudioVersion = 10.0.40219.1
Project("{FAE04EC0-301F-11D3-BF4B-00C04F79EFBC}") = "AgregatorLogow", "AgregatorLogow.csproj", "{46EF5C01-8D40-4690-ABD2-D362112421E7}"
EndProject
Global
	GlobalSection(SolutionConfigurationPlatforms) = preSolution
		Debug|Any CPU = Debug|Any CPU
		Release|Any CPU = Release|Any CPU
	EndGlobalSection
	GlobalSection(ProjectConfigurationPlatforms) = postSolution
		{46EF5C01-8D40-4690-ABD2-D362112421E7}.Debug|Any CPU.ActiveCfg = Debug|Any CPU
		{46EF5C01-8D40-4690-ABD2-D362112421E7}.Debug|Any CPU.Build.0 = Debug|Any CPU
		{46EF5C01-8D40-4690-ABD2-D362112421E7}.Release|Any CPU.ActiveCfg = Release|Any CPU
		{46EF5C01-8D40-4690-ABD2-D362112421E7}.Release|Any CPU.Build.0 = Release|Any CPU
	EndGlobalSection
	GlobalSection(SolutionProperties) = preSolution
		HideSolutionNode = FALSE
	EndGlobalSection
	GlobalSection(ExtensibilityGlobals) = postSolution
		SolutionGuid = {0B7F392E-3019-493D-80F4-883A9261182C}
	EndGlobalSection
EndGlobal
